<?xml version="1.0" encoding="utf-8"?>
<Project ToolsVersion="4.0" xmlns="http://schemas.microsoft.com/developer/msbuild/2003">
  <ItemGroup>
    <Filter Include="Source Files">
      <UniqueIdentifier>{4FC737F1-C7A5-4376-A066-2A32D752A2FF}</UniqueIdentifier>
      <Extensions>cpp;c;cc;cxx;c++;cppm;ixx;def;odl;idl;hpj;bat;asm;asmx</Extensions>
    </Filter>
    <Filter Include="Header Files">
      <UniqueIdentifier>{93995380-89BD-4b04-88EB-625FBE52EBFB}</UniqueIdentifier>
      <Extensions>h;hh;hpp;hxx;h++;hm;inl;inc;ipp;xsd</Extensions>
    </Filter>
    <Filter Include="Resource Files">
      <UniqueIdentifier>{67DA6AB6-F800-4c08-8B7A-83BB121AAD01}</UniqueIdentifier>
      <Extensions>rc;ico;cur;bmp;dlg;rc2;rct;bin;rgs;gif;jpg;jpeg;jpe;resx;tiff;tif;png;wav;mfcribbon-ms</Extensions>
    </Filter>
    <Filter Include="OpenGLUtils">
      <UniqueIdentifier>{2089e0b6-fc3e-4be3-a011-1e9b120ebfa2}</UniqueIdentifier>
    </Filter>
    <Filter Include="Source Files\Core">
      <UniqueIdentifier>{a02e7dfe-f4b6-4b05-833a-9dace32c76c6}</UniqueIdentifier>
    </Filter>
    <Filter Include="Header Files\Core">
      <UniqueIdentifier>{c366657d-0f56-4985-8471-e4a0a8e9e754}</UniqueIdentifier>
    </Filter>
    <Filter Include="Header Files\Math">
      <UniqueIdentifier>{ebd4b0c9-1602-4ca8-9d31-ca9cc71fe70b}</UniqueIdentifier>
    </Filter>
    <Filter Include="Source Files\Math">
      <UniqueIdentifier>{ddd6e62b-a9a0-4b8a-b861-785f9966cc45}</UniqueIdentifier>
    </Filter>
    <Filter Include="Header Files\Math\Projection">
      <UniqueIdentifier>{0f55c610-f480-4d13-9819-3bb7a60310da}</UniqueIdentifier>
    </Filter>
    <Filter Include="Header Files\Renderer">
      <UniqueIdentifier>{4f5f99d5-fac2-4ecc-9741-f4a39cd68d19}</UniqueIdentifier>
    </Filter>
    <Filter Include="Source Files\Renderer">
      <UniqueIdentifier>{b8ba8ede-f334-4547-b29e-85d42083fa5d}</UniqueIdentifier>
    </Filter>
    <Filter Include="Source Files\Math\Vertex">
      <UniqueIdentifier>{2c13b916-e2d0-468b-8ef2-5e9499aa2889}</UniqueIdentifier>
    </Filter>
    <Filter Include="Source Files\Math\Projection">
      <UniqueIdentifier>{9f2edd18-d96c-4da4-8762-1c7e0e59b587}</UniqueIdentifier>
    </Filter>
    <Filter Include="Source Files\Math\Vectors">
      <UniqueIdentifier>{7f54fa4e-1c36-471b-ad83-363a518f5b15}</UniqueIdentifier>
    </Filter>
    <Filter Include="Header Files\Math\Vertex">
      <UniqueIdentifier>{c2699ec0-a096-4f7a-b2ef-710423a6b172}</UniqueIdentifier>
    </Filter>
    <Filter Include="Header Files\Math\Vectors">
      <UniqueIdentifier>{5f82357d-6969-40d7-aa2c-089de99c2839}</UniqueIdentifier>
    </Filter>
    <Filter Include="Source Files\Math\Matrix">
      <UniqueIdentifier>{49862bef-adf8-4633-9662-b337d498406f}</UniqueIdentifier>
    </Filter>
    <Filter Include="Header Files\Math\Matrix">
      <UniqueIdentifier>{9495a20f-89be-4e71-8025-879a7a804379}</UniqueIdentifier>
    </Filter>
    <Filter Include="Header Files\Lib">
      <UniqueIdentifier>{9430b589-a49b-4f4f-894d-1f343c34560e}</UniqueIdentifier>
    </Filter>
    <Filter Include="Source Files\Lib">
      <UniqueIdentifier>{069c9b7c-2b72-4205-804c-64e38e90db78}</UniqueIdentifier>
    </Filter>
    <Filter Include="Header Files\Math\Quaternion">
      <UniqueIdentifier>{d8acf94c-93dc-4a45-ad07-11694774fc80}</UniqueIdentifier>
    </Filter>
    <Filter Include="Source Files\Math\Quaternion">
      <UniqueIdentifier>{25cdeb0c-bb83-470e-8b47-eaf9d5492e7e}</UniqueIdentifier>
    </Filter>
    <Filter Include="Header Files\Meshes">
      <UniqueIdentifier>{d6bdac78-2e14-4872-962e-bd85f24da081}</UniqueIdentifier>
    </Filter>
    <Filter Include="Source Files\Meshes">
      <UniqueIdentifier>{16739125-b48d-4cfd-b425-36d3a0e347f4}</UniqueIdentifier>
    </Filter>
    <Filter Include="Source Files\UserInterface">
      <UniqueIdentifier>{da3e86b7-6a9e-44ec-803d-e53261faa03f}</UniqueIdentifier>
    </Filter>
    <Filter Include="Header Files\UserInterface">
      <UniqueIdentifier>{3e8eeeb6-3418-44dc-886b-0fa767a49d2f}</UniqueIdentifier>
    </Filter>
    <Filter Include="Header Files\Buffers">
      <UniqueIdentifier>{54127a8a-35ec-4868-8770-e009a09c79ba}</UniqueIdentifier>
    </Filter>
    <Filter Include="Source Files\Buffers">
      <UniqueIdentifier>{d379342b-eff2-46c6-b5ae-a255eff2a036}</UniqueIdentifier>
    </Filter>
    <Filter Include="Source Files\Terrain">
      <UniqueIdentifier>{34be47ca-b4c8-4058-9ee5-21e124481441}</UniqueIdentifier>
    </Filter>
    <Filter Include="Header Files\Terrain">
      <UniqueIdentifier>{f906f7e6-5452-4749-9050-194e5783c0be}</UniqueIdentifier>
    </Filter>
    <Filter Include="Header Files\Terrain\TerrainManager">
      <UniqueIdentifier>{47ff5132-819c-4b52-ae16-a5b979f9788a}</UniqueIdentifier>
    </Filter>
    <Filter Include="Source Files\Terrain\TerrainManager">
      <UniqueIdentifier>{8355b4c2-8c88-4653-afb1-ba6056afcceb}</UniqueIdentifier>
    </Filter>
    <Filter Include="Source Files\Terrain\TerrainMap">
      <UniqueIdentifier>{5b16b618-677e-451f-a563-3d1a411f0f48}</UniqueIdentifier>
    </Filter>
    <Filter Include="Header Files\Terrain\TerrainMap">
      <UniqueIdentifier>{63ffd4c8-3f79-44b8-a954-330904013a11}</UniqueIdentifier>
    </Filter>
    <Filter Include="Header Files\Terrain\Terrain">
      <UniqueIdentifier>{3ee1a474-c8b8-421e-b4a7-b64463deba57}</UniqueIdentifier>
    </Filter>
    <Filter Include="Source Files\Terrain\Terrain">
      <UniqueIdentifier>{eb2cea7c-36df-4f55-afed-fd064681f249}</UniqueIdentifier>
    </Filter>
    <Filter Include="Header Files\Math\Grids">
      <UniqueIdentifier>{b0da34fb-1672-416e-a56b-46a90bceb5f2}</UniqueIdentifier>
    </Filter>
    <Filter Include="Source Files\Math\Grids">
      <UniqueIdentifier>{57cdfe88-b5fc-4023-b8d3-1b0ddd515b44}</UniqueIdentifier>
    </Filter>
    <Filter Include="Header Files\PipeLine">
      <UniqueIdentifier>{8544d328-5037-41bf-9dc7-4b516cc42546}</UniqueIdentifier>
    </Filter>
    <Filter Include="Source Files\PipeLine">
      <UniqueIdentifier>{9ee510a0-4ee2-4486-b019-7abbcbec434d}</UniqueIdentifier>
    </Filter>
    <Filter Include="Header Files\Resources">
      <UniqueIdentifier>{6c9c32ad-3ca9-4770-bca9-8bc5a7961c67}</UniqueIdentifier>
    </Filter>
    <Filter Include="Source Files\Resources">
      <UniqueIdentifier>{d210b1d4-8c1e-4590-8d8b-e1849fe99858}</UniqueIdentifier>
    </Filter>
  </ItemGroup>
  <ItemGroup>
    <ClCompile Include="Main.c">
      <Filter>Source Files</Filter>
    </ClCompile>
    <ClCompile Include="OpenGLUtils\stb_image_write.c">
      <Filter>OpenGLUtils</Filter>
    </ClCompile>
    <ClCompile Include="OpenGLUtils\glad.c">
      <Filter>OpenGLUtils</Filter>
    </ClCompile>
    <ClCompile Include="OpenGLUtils\stb_image.c">
      <Filter>OpenGLUtils</Filter>
    </ClCompile>
    <ClCompile Include="Core\Window.c">
      <Filter>Source Files\Core</Filter>
    </ClCompile>
    <ClCompile Include="Core\CoreUtils.c">
      <Filter>Source Files\Core</Filter>
    </ClCompile>
    <ClCompile Include="Math\EngineMath.c">
      <Filter>Source Files\Math</Filter>
    </ClCompile>
    <ClCompile Include="Math\MathUtils.c">
      <Filter>Source Files\Math</Filter>
    </ClCompile>
    <ClCompile Include="Core\Camera.c">
      <Filter>Source Files\Core</Filter>
    </ClCompile>
    <ClCompile Include="Math\Projection\PerspectiveProjection.c">
      <Filter>Source Files\Math\Projection</Filter>
    </ClCompile>
    <ClCompile Include="Math\Projection\OrthographicProjection.c">
      <Filter>Source Files\Math\Projection</Filter>
    </ClCompile>
    <ClCompile Include="Math\Vectors\Vector2.c">
      <Filter>Source Files\Math\Vectors</Filter>
    </ClCompile>
    <ClCompile Include="Math\Vectors\Vector3.c">
      <Filter>Source Files\Math\Vectors</Filter>
    </ClCompile>
    <ClCompile Include="Math\Vectors\Vector4.c">
      <Filter>Source Files\Math\Vectors</Filter>
    </ClCompile>
    <ClCompile Include="Math\Vertex\Vertex.c">
      <Filter>Source Files\Math\Vertex</Filter>
    </ClCompile>
    <ClCompile Include="Engine.c">
      <Filter>Source Files</Filter>
    </ClCompile>
    <ClCompile Include="Lib\Vector.c">
      <Filter>Source Files\Lib</Filter>
    </ClCompile>
    <ClCompile Include="Math\Quaternion\Quaternion.c">
      <Filter>Source Files\Math\Quaternion</Filter>
    </ClCompile>
    <ClCompile Include="Core\Input.c">
      <Filter>Source Files\Core</Filter>
    </ClCompile>
    <ClCompile Include="Math\Transform.c">
      <Filter>Source Files\Math</Filter>
    </ClCompile>
    <ClCompile Include="UserInterface\Interface_imgui.cpp">
      <Filter>Source Files\UserInterface</Filter>
    </ClCompile>
    <ClCompile Include="UserInterface\UserInterface.c">
      <Filter>Source Files\UserInterface</Filter>
    </ClCompile>
    <ClCompile Include="Meshes\Mesh3D.c">
      <Filter>Source Files\Meshes</Filter>
    </ClCompile>
    <ClCompile Include="Renderer\DebugRenderer.c">
      <Filter>Source Files\Renderer</Filter>
    </ClCompile>
    <ClCompile Include="Buffers\IndirectBufferObject.c">
      <Filter>Source Files\Buffers</Filter>
    </ClCompile>
    <ClCompile Include="Buffers\Buffer.c">
      <Filter>Source Files\Buffers</Filter>
    </ClCompile>
    <ClCompile Include="Buffers\UniformBufferObject.c">
      <Filter>Source Files\Buffers</Filter>
    </ClCompile>
    <ClCompile Include="Buffers\ShaderStorageBufferObject.c">
      <Filter>Source Files\Buffers</Filter>
    </ClCompile>
    <ClCompile Include="Renderer\TerrainRenderer.c">
      <Filter>Source Files\Renderer</Filter>
    </ClCompile>
    <ClCompile Include="Terrain\TerrainPatch.c">
      <Filter>Source Files\Terrain</Filter>
    </ClCompile>
    <ClCompile Include="Meshes\TerrainMesh.c">
      <Filter>Source Files\Meshes</Filter>
    </ClCompile>
    <ClCompile Include="Buffers\TerrainBuffer.c">
      <Filter>Source Files\Buffers</Filter>
    </ClCompile>
    <ClCompile Include="Math\Matrix\Matrix4.c">
      <Filter>Source Files\Math\Matrix</Filter>
    </ClCompile>
    <ClCompile Include="Math\Matrix\Matrix3.c">
      <Filter>Source Files\Math\Matrix</Filter>
    </ClCompile>
    <ClCompile Include="Lib\cJSON_Utils.c">
      <Filter>Source Files\Lib</Filter>
    </ClCompile>
    <ClCompile Include="Lib\cJSON.c">
      <Filter>Source Files\Lib</Filter>
    </ClCompile>
    <ClCompile Include="Terrain\TerrainManager\TerrainManager.c">
      <Filter>Source Files\Terrain\TerrainManager</Filter>
    </ClCompile>
    <ClCompile Include="Terrain\TerrainMap\TerrainMap.c">
      <Filter>Source Files\Terrain\TerrainMap</Filter>
    </ClCompile>
    <ClCompile Include="Terrain\Terrain\TerrainLoad.c">
      <Filter>Source Files\Terrain\Terrain</Filter>
    </ClCompile>
    <ClCompile Include="Terrain\Terrain\Terrain.c">
      <Filter>Source Files\Terrain\Terrain</Filter>
    </ClCompile>
    <ClCompile Include="Terrain\TerrainMap\TerrainMapLoad.c">
      <Filter>Source Files\Terrain\TerrainMap</Filter>
    </ClCompile>
    <ClCompile Include="Math\Grids\FloatGrid.c">
      <Filter>Source Files\Math\Grids</Filter>
    </ClCompile>
    <ClCompile Include="PipeLine\StateManager.c">
      <Filter>Source Files\PipeLine</Filter>
    </ClCompile>
    <ClCompile Include="PipeLine\Shader.c">
      <Filter>Source Files\PipeLine</Filter>
    </ClCompile>
    <ClCompile Include="PipeLine\Texture.c">
      <Filter>Source Files\PipeLine</Filter>
    </ClCompile>
    <ClCompile Include="PipeLine\Utils.c">
      <Filter>Source Files\PipeLine</Filter>
    </ClCompile>
    <ClCompile Include="Resources\TexturesManager.c">
      <Filter>Source Files\Resources</Filter>
    </ClCompile>
    <ClCompile Include="Resources\MemoryManager.c">
      <Filter>Source Files\Resources</Filter>
    </ClCompile>
    <ClCompile Include="Core\Log.c">
      <Filter>Source Files\Core</Filter>
    </ClCompile>
  </ItemGroup>
  <ItemGroup>
    <ClInclude Include="Core\CoreUtils.h">
      <Filter>Header Files\Core</Filter>
    </ClInclude>
    <ClInclude Include="Core\Window.h">
      <Filter>Header Files\Core</Filter>
    </ClInclude>
    <ClInclude Include="Math\EngineMath.h">
      <Filter>Header Files\Math</Filter>
    </ClInclude>
    <ClInclude Include="Math\MathUtils.h">
      <Filter>Header Files\Math</Filter>
    </ClInclude>
    <ClInclude Include="Core\Camera.h">
      <Filter>Header Files\Core</Filter>
    </ClInclude>
    <ClInclude Include="Math\Projection\PerspectiveProjection.h">
      <Filter>Header Files\Math\Projection</Filter>
    </ClInclude>
    <ClInclude Include="Math\Projection\OrthographicProjection.h">
      <Filter>Header Files\Math\Projection</Filter>
    </ClInclude>
    <ClInclude Include="Engine.h">
      <Filter>Header Files</Filter>
    </ClInclude>
    <ClInclude Include="Math\Vertex\Vertex.h">
      <Filter>Header Files\Math\Vertex</Filter>
    </ClInclude>
    <ClInclude Include="Math\Vectors\Vector4.h">
      <Filter>Header Files\Math\Vectors</Filter>
    </ClInclude>
    <ClInclude Include="Math\Vectors\Vector2.h">
      <Filter>Header Files\Math\Vectors</Filter>
    </ClInclude>
    <ClInclude Include="Math\Vectors\Vector3.h">
      <Filter>Header Files\Math\Vectors</Filter>
    </ClInclude>
    <ClInclude Include="Lib\Vector.h">
      <Filter>Header Files\Lib</Filter>
    </ClInclude>
    <ClInclude Include="Math\Quaternion\Quaternion.h">
      <Filter>Header Files\Math\Quaternion</Filter>
    </ClInclude>
    <ClInclude Include="Core\Input.h">
      <Filter>Header Files\Core</Filter>
    </ClInclude>
    <ClInclude Include="Math\Transform.h">
      <Filter>Header Files\Math</Filter>
    </ClInclude>
    <ClInclude Include="UserInterface\Interface_imgui.h">
      <Filter>Header Files\UserInterface</Filter>
    </ClInclude>
    <ClInclude Include="UserInterface\UserInterface.h">
      <Filter>Header Files\UserInterface</Filter>
    </ClInclude>
    <ClInclude Include="Meshes\Mesh3D.h">
      <Filter>Header Files\Meshes</Filter>
    </ClInclude>
    <ClInclude Include="Renderer\DebugRenderer.h">
      <Filter>Header Files\Renderer</Filter>
    </ClInclude>
    <ClInclude Include="Buffers\IndirectBufferObject.h">
      <Filter>Header Files\Buffers</Filter>
    </ClInclude>
    <ClInclude Include="Buffers\Buffer.h">
      <Filter>Header Files\Buffers</Filter>
    </ClInclude>
    <ClInclude Include="Buffers\UniformBufferObject.h">
      <Filter>Header Files\Buffers</Filter>
    </ClInclude>
    <ClInclude Include="Buffers\ShaderStorageBufferObject.h">
      <Filter>Header Files\Buffers</Filter>
    </ClInclude>
    <ClInclude Include="Renderer\TerrainRenderer.h">
      <Filter>Header Files\Renderer</Filter>
    </ClInclude>
    <ClInclude Include="Terrain\TerrainPatch.h">
      <Filter>Header Files\Terrain</Filter>
    </ClInclude>
    <ClInclude Include="Meshes\TerrainMesh.h">
      <Filter>Header Files\Meshes</Filter>
    </ClInclude>
    <ClInclude Include="Buffers\TerrainBuffer.h">
      <Filter>Header Files\Buffers</Filter>
    </ClInclude>
    <ClInclude Include="Math\Matrix\Matrix4.h">
      <Filter>Header Files\Math\Matrix</Filter>
    </ClInclude>
    <ClInclude Include="Math\Matrix\Matrix3.h">
      <Filter>Header Files\Math\Matrix</Filter>
    </ClInclude>
    <ClInclude Include="Terrain\TerrainData.h">
      <Filter>Header Files\Terrain</Filter>
    </ClInclude>
    <ClInclude Include="Lib\cJSON_Utils.h">
      <Filter>Header Files\Lib</Filter>
    </ClInclude>
    <ClInclude Include="Lib\cJSON.h">
      <Filter>Header Files\Lib</Filter>
    </ClInclude>
    <ClInclude Include="Terrain\TerrainManager\TerrainManager.h">
      <Filter>Header Files\Terrain\TerrainManager</Filter>
    </ClInclude>
    <ClInclude Include="Terrain\TerrainMap\TerrainMap.h">
      <Filter>Header Files\Terrain\TerrainMap</Filter>
    </ClInclude>
    <ClInclude Include="Terrain\Terrain\Terrain.h">
      <Filter>Header Files\Terrain\Terrain</Filter>
    </ClInclude>
    <ClInclude Include="Math\Grids\FloatGrid.h">
      <Filter>Header Files\Math\Grids</Filter>
    </ClInclude>
    <ClInclude Include="PipeLine\StateManager.h">
      <Filter>Header Files\PipeLine</Filter>
    </ClInclude>
    <ClInclude Include="PipeLine\Shader.h">
      <Filter>Header Files\PipeLine</Filter>
    </ClInclude>
    <ClInclude Include="PipeLine\Texture.h">
      <Filter>Header Files\PipeLine</Filter>
    </ClInclude>
    <ClInclude Include="PipeLine\Utils.h">
      <Filter>Header Files\PipeLine</Filter>
    </ClInclude>
    <ClInclude Include="Resources\TexturesManager.h">
      <Filter>Header Files\Resources</Filter>
    </ClInclude>
    <ClInclude Include="Resources\MemoryManager.h">
      <Filter>Header Files\Resources</Filter>
    </ClInclude>
    <ClInclude Include="Core\Log.h">
      <Filter>Header Files\Core</Filter>
    </ClInclude>
  </ItemGroup>
</Project>